
Microsoft Visual Studio Solution File, Format Version 12.00
# Visual Studio 15
VisualStudioVersion = 15.0.26730.12
MinimumVisualStudioVersion = 10.0.40219.1
Project("{FAE04EC0-301F-11D3-BF4B-00C04F79EFBC}") = "Sentiment.Common", "Sentiment.Common\Sentiment.Common.csproj", "{9107D440-E2BE-4041-A8FD-71BDA19688DA}"
EndProject
Project("{FAE04EC0-301F-11D3-BF4B-00C04F79EFBC}") = "Sentiment.Data", "Sentiment.Data\Sentiment.Data.csproj", "{0FD8C7D3-E83F-4D57-89CB-1539BAB6D0F7}"
EndProject
Project("{FAE04EC0-301F-11D3-BF4B-00C04F79EFBC}") = "Sentiment.Data.MySql", "Sentiment.Data.MySql\Sentiment.Data.MySql.csproj", "{E6002E4E-2C36-4F68-BBB6-756ECDDE3112}"
EndProject
Project("{FAE04EC0-301F-11D3-BF4B-00C04F79EFBC}") = "Sentiment.Analyzer", "Sentiment.Analyzer\Sentiment.Analyzer.csproj", "{F4F8F251-1199-438A-9360-3DD141FA7810}"
EndProject
Project("{FAE04EC0-301F-11D3-BF4B-00C04F79EFBC}") = "Sentiment.Web.Api", "Sentiment.Web.Api\Sentiment.Web.Api.csproj", "{C51FF107-07C0-4FAD-96AA-CC63E48843A5}"
EndProject
Project("{FAE04EC0-301F-11D3-BF4B-00C04F79EFBC}") = "Sentiment.Web.Api.Models", "Sentiment.Web.Api.Models\Sentiment.Web.Api.Models.csproj", "{3477AD2B-4D41-4A64-B0D5-C72BEB507BE0}"
EndProject
Global
	GlobalSection(SolutionConfigurationPlatforms) = preSolution
		Debug|Any CPU = Debug|Any CPU
		Debug|x64 = Debug|x64
		Debug|x86 = Debug|x86
		Release|Any CPU = Release|Any CPU
		Release|x64 = Release|x64
		Release|x86 = Release|x86
	EndGlobalSection
	GlobalSection(ProjectConfigurationPlatforms) = postSolution
		{9107D440-E2BE-4041-A8FD-71BDA19688DA}.Debug|Any CPU.ActiveCfg = Debug|Any CPU
		{9107D440-E2BE-4041-A8FD-71BDA19688DA}.Debug|Any CPU.Build.0 = Debug|Any CPU
		{9107D440-E2BE-4041-A8FD-71BDA19688DA}.Debug|x64.ActiveCfg = Debug|Any CPU
		{9107D440-E2BE-4041-A8FD-71BDA19688DA}.Debug|x64.Build.0 = Debug|Any CPU
		{9107D440-E2BE-4041-A8FD-71BDA19688DA}.Debug|x86.ActiveCfg = Debug|Any CPU
		{9107D440-E2BE-4041-A8FD-71BDA19688DA}.Debug|x86.Build.0 = Debug|Any CPU
		{9107D440-E2BE-4041-A8FD-71BDA19688DA}.Release|Any CPU.ActiveCfg = Release|Any CPU
		{9107D440-E2BE-4041-A8FD-71BDA19688DA}.Release|Any CPU.Build.0 = Release|Any CPU
		{9107D440-E2BE-4041-A8FD-71BDA19688DA}.Release|x64.ActiveCfg = Release|Any CPU
		{9107D440-E2BE-4041-A8FD-71BDA19688DA}.Release|x64.Build.0 = Release|Any CPU
		{9107D440-E2BE-4041-A8FD-71BDA19688DA}.Release|x86.ActiveCfg = Release|Any CPU
		{9107D440-E2BE-4041-A8FD-71BDA19688DA}.Release|x86.Build.0 = Release|Any CPU
		{0FD8C7D3-E83F-4D57-89CB-1539BAB6D0F7}.Debug|Any CPU.ActiveCfg = Debug|Any CPU
		{0FD8C7D3-E83F-4D57-89CB-1539BAB6D0F7}.Debug|Any CPU.Build.0 = Debug|Any CPU
		{0FD8C7D3-E83F-4D57-89CB-1539BAB6D0F7}.Debug|x64.ActiveCfg = Debug|Any CPU
		{0FD8C7D3-E83F-4D57-89CB-1539BAB6D0F7}.Debug|x64.Build.0 = Debug|Any CPU
		{0FD8C7D3-E83F-4D57-89CB-1539BAB6D0F7}.Debug|x86.ActiveCfg = Debug|Any CPU
		{0FD8C7D3-E83F-4D57-89CB-1539BAB6D0F7}.Debug|x86.Build.0 = Debug|Any CPU
		{0FD8C7D3-E83F-4D57-89CB-1539BAB6D0F7}.Release|Any CPU.ActiveCfg = Release|Any CPU
		{0FD8C7D3-E83F-4D57-89CB-1539BAB6D0F7}.Release|Any CPU.Build.0 = Release|Any CPU
		{0FD8C7D3-E83F-4D57-89CB-1539BAB6D0F7}.Release|x64.ActiveCfg = Release|Any CPU
		{0FD8C7D3-E83F-4D57-89CB-1539BAB6D0F7}.Release|x64.Build.0 = Release|Any CPU
		{0FD8C7D3-E83F-4D57-89CB-1539BAB6D0F7}.Release|x86.ActiveCfg = Release|Any CPU
		{0FD8C7D3-E83F-4D57-89CB-1539BAB6D0F7}.Release|x86.Build.0 = Release|Any CPU
		{E6002E4E-2C36-4F68-BBB6-756ECDDE3112}.Debug|Any CPU.ActiveCfg = Debug|Any CPU
		{E6002E4E-2C36-4F68-BBB6-756ECDDE3112}.Debug|Any CPU.Build.0 = Debug|Any CPU
		{E6002E4E-2C36-4F68-BBB6-756ECDDE3112}.Debug|x64.ActiveCfg = Debug|Any CPU
		{E6002E4E-2C36-4F68-BBB6-756ECDDE3112}.Debug|x64.Build.0 = Debug|Any CPU
		{E6002E4E-2C36-4F68-BBB6-756ECDDE3112}.Debug|x86.ActiveCfg = Debug|Any CPU
		{E6002E4E-2C36-4F68-BBB6-756ECDDE3112}.Debug|x86.Build.0 = Debug|Any CPU
		{E6002E4E-2C36-4F68-BBB6-756ECDDE3112}.Release|Any CPU.ActiveCfg = Release|Any CPU
		{E6002E4E-2C36-4F68-BBB6-756ECDDE3112}.Release|Any CPU.Build.0 = Release|Any CPU
		{E6002E4E-2C36-4F68-BBB6-756ECDDE3112}.Release|x64.ActiveCfg = Release|Any CPU
		{E6002E4E-2C36-4F68-BBB6-756ECDDE3112}.Release|x64.Build.0 = Release|Any CPU
		{E6002E4E-2C36-4F68-BBB6-756ECDDE3112}.Release|x86.ActiveCfg = Release|Any CPU
		{E6002E4E-2C36-4F68-BBB6-756ECDDE3112}.Release|x86.Build.0 = Release|Any CPU
		{F4F8F251-1199-438A-9360-3DD141FA7810}.Debug|Any CPU.ActiveCfg = Debug|Any CPU
		{F4F8F251-1199-438A-9360-3DD141FA7810}.Debug|Any CPU.Build.0 = Debug|Any CPU
		{F4F8F251-1199-438A-9360-3DD141FA7810}.Debug|x64.ActiveCfg = Debug|Any CPU
		{F4F8F251-1199-438A-9360-3DD141FA7810}.Debug|x64.Build.0 = Debug|Any CPU
		{F4F8F251-1199-438A-9360-3DD141FA7810}.Debug|x86.ActiveCfg = Debug|Any CPU
		{F4F8F251-1199-438A-9360-3DD141FA7810}.Debug|x86.Build.0 = Debug|Any CPU
		{F4F8F251-1199-438A-9360-3DD141FA7810}.Release|Any CPU.ActiveCfg = Release|Any CPU
		{F4F8F251-1199-438A-9360-3DD141FA7810}.Release|Any CPU.Build.0 = Release|Any CPU
		{F4F8F251-1199-438A-9360-3DD141FA7810}.Release|x64.ActiveCfg = Release|Any CPU
		{F4F8F251-1199-438A-9360-3DD141FA7810}.Release|x64.Build.0 = Release|Any CPU
		{F4F8F251-1199-438A-9360-3DD141FA7810}.Release|x86.ActiveCfg = Release|Any CPU
		{F4F8F251-1199-438A-9360-3DD141FA7810}.Release|x86.Build.0 = Release|Any CPU
		{C51FF107-07C0-4FAD-96AA-CC63E48843A5}.Debug|Any CPU.ActiveCfg = Debug|Any CPU
		{C51FF107-07C0-4FAD-96AA-CC63E48843A5}.Debug|Any CPU.Build.0 = Debug|Any CPU
		{C51FF107-07C0-4FAD-96AA-CC63E48843A5}.Debug|x64.ActiveCfg = Debug|Any CPU
		{C51FF107-07C0-4FAD-96AA-CC63E48843A5}.Debug|x64.Build.0 = Debug|Any CPU
		{C51FF107-07C0-4FAD-96AA-CC63E48843A5}.Debug|x86.ActiveCfg = Debug|Any CPU
		{C51FF107-07C0-4FAD-96AA-CC63E48843A5}.Debug|x86.Build.0 = Debug|Any CPU
		{C51FF107-07C0-4FAD-96AA-CC63E48843A5}.Release|Any CPU.ActiveCfg = Release|Any CPU
		{C51FF107-07C0-4FAD-96AA-CC63E48843A5}.Release|Any CPU.Build.0 = Release|Any CPU
		{C51FF107-07C0-4FAD-96AA-CC63E48843A5}.Release|x64.ActiveCfg = Release|Any CPU
		{C51FF107-07C0-4FAD-96AA-CC63E48843A5}.Release|x64.Build.0 = Release|Any CPU
		{C51FF107-07C0-4FAD-96AA-CC63E48843A5}.Release|x86.ActiveCfg = Release|Any CPU
		{C51FF107-07C0-4FAD-96AA-CC63E48843A5}.Release|x86.Build.0 = Release|Any CPU
		{3477AD2B-4D41-4A64-B0D5-C72BEB507BE0}.Debug|Any CPU.ActiveCfg = Debug|Any CPU
		{3477AD2B-4D41-4A64-B0D5-C72BEB507BE0}.Debug|Any CPU.Build.0 = Debug|Any CPU
		{3477AD2B-4D41-4A64-B0D5-C72BEB507BE0}.Debug|x64.ActiveCfg = Debug|Any CPU
		{3477AD2B-4D41-4A64-B0D5-C72BEB507BE0}.Debug|x64.Build.0 = Debug|Any CPU
		{3477AD2B-4D41-4A64-B0D5-C72BEB507BE0}.Debug|x86.ActiveCfg = Debug|Any CPU
		{3477AD2B-4D41-4A64-B0D5-C72BEB507BE0}.Debug|x86.Build.0 = Debug|Any CPU
		{3477AD2B-4D41-4A64-B0D5-C72BEB507BE0}.Release|Any CPU.ActiveCfg = Release|Any CPU
		{3477AD2B-4D41-4A64-B0D5-C72BEB507BE0}.Release|Any CPU.Build.0 = Release|Any CPU
		{3477AD2B-4D41-4A64-B0D5-C72BEB507BE0}.Release|x64.ActiveCfg = Release|Any CPU
		{3477AD2B-4D41-4A64-B0D5-C72BEB507BE0}.Release|x64.Build.0 = Release|Any CPU
		{3477AD2B-4D41-4A64-B0D5-C72BEB507BE0}.Release|x86.ActiveCfg = Release|Any CPU
		{3477AD2B-4D41-4A64-B0D5-C72BEB507BE0}.Release|x86.Build.0 = Release|Any CPU
	EndGlobalSection
	GlobalSection(SolutionProperties) = preSolution
		HideSolutionNode = FALSE
	EndGlobalSection
	GlobalSection(ExtensibilityGlobals) = postSolution
		SolutionGuid = {9C91E92E-E0A2-43B2-8652-E88D19A4BD4B}
	EndGlobalSection
EndGlobal
